
Microsoft Visual Studio Solution File, Format Version 12.00
# Visual Studio 15
VisualStudioVersion = 15.0.26430.16
MinimumVisualStudioVersion = 10.0.40219.1
Project("{FAE04EC0-301F-11D3-BF4B-00C04F79EFBC}") = "CV", "CV\CV.csproj", "{A06F58A9-E26A-448E-9AEF-55ED33C6077B}"
EndProject
Project("{FAE04EC0-301F-11D3-BF4B-00C04F79EFBC}") = "GuessTheNumber", "GuessTheNumber\GuessTheNumber.csproj", "{9C000E48-916D-4242-A096-FAF7C01B15B8}"
EndProject
Global
	GlobalSection(SolutionConfigurationPlatforms) = preSolution
		Debug|Any CPU = Debug|Any CPU
		Release|Any CPU = Release|Any CPU
	EndGlobalSection
	GlobalSection(ProjectConfigurationPlatforms) = postSolution
		{A06F58A9-E26A-448E-9AEF-55ED33C6077B}.Debug|Any CPU.ActiveCfg = Debug|Any CPU
		{A06F58A9-E26A-448E-9AEF-55ED33C6077B}.Debug|Any CPU.Build.0 = Debug|Any CPU
		{A06F58A9-E26A-448E-9AEF-55ED33C6077B}.Release|Any CPU.ActiveCfg = Release|Any CPU
		{A06F58A9-E26A-448E-9AEF-55ED33C6077B}.Release|Any CPU.Build.0 = Release|Any CPU
		{9C000E48-916D-4242-A096-FAF7C01B15B8}.Debug|Any CPU.ActiveCfg = Debug|Any CPU
		{9C000E48-916D-4242-A096-FAF7C01B15B8}.Debug|Any CPU.Build.0 = Debug|Any CPU
		{9C000E48-916D-4242-A096-FAF7C01B15B8}.Release|Any CPU.ActiveCfg = Release|Any CPU
		{9C000E48-916D-4242-A096-FAF7C01B15B8}.Release|Any CPU.Build.0 = Release|Any CPU
	EndGlobalSection
	GlobalSection(SolutionProperties) = preSolution
		HideSolutionNode = FALSE
	EndGlobalSection
EndGlobal
